// !$*UTF8*$!
{
	archiveVersion = 1;
	classes = {
	};
	objectVersion = 46;
	objects = {

/* Begin PBXBuildFile section */
		2C2E8C2019E228B700AB05EF /* main.m in Sources */ = {isa = PBXBuildFile; fileRef = 2C2E8C1F19E228B700AB05EF /* main.m */; };
		2C2E8C2319E228B700AB05EF /* AppDelegate.m in Sources */ = {isa = PBXBuildFile; fileRef = 2C2E8C2219E228B700AB05EF /* AppDelegate.m */; };
		2C2E8C2619E228B700AB05EF /* TableViewController_States.m in Sources */ = {isa = PBXBuildFile; fileRef = 2C2E8C2519E228B700AB05EF /* TableViewController_States.m */; };
		2C2E8C2919E228B700AB05EF /* Main.storyboard in Resources */ = {isa = PBXBuildFile; fileRef = 2C2E8C2719E228B700AB05EF /* Main.storyboard */; };
		2C2E8C2B19E228B700AB05EF /* Images.xcassets in Resources */ = {isa = PBXBuildFile; fileRef = 2C2E8C2A19E228B700AB05EF /* Images.xcassets */; };
		2C2E8C2E19E228B700AB05EF /* LaunchScreen.xib in Resources */ = {isa = PBXBuildFile; fileRef = 2C2E8C2C19E228B700AB05EF /* LaunchScreen.xib */; };
		2C2E8C3A19E228B700AB05EF /* HW2_TableViewTests.m in Sources */ = {isa = PBXBuildFile; fileRef = 2C2E8C3919E228B700AB05EF /* HW2_TableViewTests.m */; };
		2C2E8C4C19E22DA100AB05EF /* cell_States.m in Sources */ = {isa = PBXBuildFile; fileRef = 2C2E8C4B19E22DA100AB05EF /* cell_States.m */; };
		2C2E8C4F19E22DBF00AB05EF /* Declarations_States.m in Sources */ = {isa = PBXBuildFile; fileRef = 2C2E8C4E19E22DBF00AB05EF /* Declarations_States.m */; };
		2C2E8C7219E248D300AB05EF /* Chiapas_escudo.png in Resources */ = {isa = PBXBuildFile; fileRef = 2C2E8C5219E248D300AB05EF /* Chiapas_escudo.png */; };
		2C2E8C7319E248D300AB05EF /* Chiapas_Palenque.jpg in Resources */ = {isa = PBXBuildFile; fileRef = 2C2E8C5319E248D300AB05EF /* Chiapas_Palenque.jpg */; };
		2C2E8C7419E248D300AB05EF /* Chiapas_Tapachula.jpg in Resources */ = {isa = PBXBuildFile; fileRef = 2C2E8C5419E248D300AB05EF /* Chiapas_Tapachula.jpg */; };
		2C2E8C7519E248D300AB05EF /* Chiapas_Tuxtla.jpg in Resources */ = {isa = PBXBuildFile; fileRef = 2C2E8C5519E248D300AB05EF /* Chiapas_Tuxtla.jpg */; };
		2C2E8C7619E248D300AB05EF /* Colima_Colima.jpg in Resources */ = {isa = PBXBuildFile; fileRef = 2C2E8C5619E248D300AB05EF /* Colima_Colima.jpg */; };
		2C2E8C7719E248D300AB05EF /* Colima_escudo.jpg in Resources */ = {isa = PBXBuildFile; fileRef = 2C2E8C5719E248D300AB05EF /* Colima_escudo.jpg */; };
		2C2E8C7819E248D300AB05EF /* Colima_Manzanillo.jpg in Resources */ = {isa = PBXBuildFile; fileRef = 2C2E8C5819E248D300AB05EF /* Colima_Manzanillo.jpg */; };
		2C2E8C7919E248D300AB05EF /* Colima_Tecoman.jpg in Resources */ = {isa = PBXBuildFile; fileRef = 2C2E8C5919E248D300AB05EF /* Colima_Tecoman.jpg */; };
		2C2E8C7A19E248D300AB05EF /* Jalisco_escudo.png in Resources */ = {isa = PBXBuildFile; fileRef = 2C2E8C5A19E248D300AB05EF /* Jalisco_escudo.png */; };
		2C2E8C7B19E248D300AB05EF /* Jalisco_Gdl.jpg in Resources */ = {isa = PBXBuildFile; fileRef = 2C2E8C5B19E248D300AB05EF /* Jalisco_Gdl.jpg */; };
		2C2E8C7C19E248D300AB05EF /* Jalisco_Tonala.JPG in Resources */ = {isa = PBXBuildFile; fileRef = 2C2E8C5C19E248D300AB05EF /* Jalisco_Tonala.JPG */; };
		2C2E8C7D19E248D300AB05EF /* Jalisco_Zapopan.jpg in Resources */ = {isa = PBXBuildFile; fileRef = 2C2E8C5D19E248D300AB05EF /* Jalisco_Zapopan.jpg */; };
		2C2E8C7E19E248D300AB05EF /* Michoacan_escudo.png in Resources */ = {isa = PBXBuildFile; fileRef = 2C2E8C5E19E248D300AB05EF /* Michoacan_escudo.png */; };
		2C2E8C7F19E248D300AB05EF /* Michoacan_Morelia.jpg in Resources */ = {isa = PBXBuildFile; fileRef = 2C2E8C5F19E248D300AB05EF /* Michoacan_Morelia.jpg */; };
		2C2E8C8019E248D300AB05EF /* Michoacan_Patzcuaro.jpg in Resources */ = {isa = PBXBuildFile; fileRef = 2C2E8C6019E248D300AB05EF /* Michoacan_Patzcuaro.jpg */; };
		2C2E8C8119E248D300AB05EF /* Michoacan_Uruapan.jpg in Resources */ = {isa = PBXBuildFile; fileRef = 2C2E8C6119E248D300AB05EF /* Michoacan_Uruapan.jpg */; };
		2C2E8C8219E248D300AB05EF /* Nayarit_escudo.jpg in Resources */ = {isa = PBXBuildFile; fileRef = 2C2E8C6219E248D300AB05EF /* Nayarit_escudo.jpg */; };
		2C2E8C8319E248D300AB05EF /* Nayarit_Ixtlan.jpg in Resources */ = {isa = PBXBuildFile; fileRef = 2C2E8C6319E248D300AB05EF /* Nayarit_Ixtlan.jpg */; };
		2C2E8C8419E248D300AB05EF /* Nayarit_SanBlas.jpg in Resources */ = {isa = PBXBuildFile; fileRef = 2C2E8C6419E248D300AB05EF /* Nayarit_SanBlas.jpg */; };
		2C2E8C8519E248D300AB05EF /* Nayarit_Tepic.jpg in Resources */ = {isa = PBXBuildFile; fileRef = 2C2E8C6519E248D300AB05EF /* Nayarit_Tepic.jpg */; };
		2C2E8C8619E248D300AB05EF /* Sinaloa_Culiacan.jpg in Resources */ = {isa = PBXBuildFile; fileRef = 2C2E8C6619E248D300AB05EF /* Sinaloa_Culiacan.jpg */; };
		2C2E8C8719E248D300AB05EF /* Sinaloa_escudo.png in Resources */ = {isa = PBXBuildFile; fileRef = 2C2E8C6719E248D300AB05EF /* Sinaloa_escudo.png */; };
		2C2E8C8819E248D300AB05EF /* Sinaloa_Mazatlan.jpg in Resources */ = {isa = PBXBuildFile; fileRef = 2C2E8C6819E248D300AB05EF /* Sinaloa_Mazatlan.jpg */; };
		2C2E8C8919E248D300AB05EF /* Sinaloa_Mochis.jpg in Resources */ = {isa = PBXBuildFile; fileRef = 2C2E8C6919E248D300AB05EF /* Sinaloa_Mochis.jpg */; };
		2C2E8C8A19E248D300AB05EF /* Sonora_escudo.png in Resources */ = {isa = PBXBuildFile; fileRef = 2C2E8C6A19E248D300AB05EF /* Sonora_escudo.png */; };
		2C2E8C8B19E248D300AB05EF /* Sonora_Hermosillo.jpg in Resources */ = {isa = PBXBuildFile; fileRef = 2C2E8C6B19E248D300AB05EF /* Sonora_Hermosillo.jpg */; };
		2C2E8C8C19E248D300AB05EF /* Sonora_Navojoa.jpg in Resources */ = {isa = PBXBuildFile; fileRef = 2C2E8C6C19E248D300AB05EF /* Sonora_Navojoa.jpg */; };
		2C2E8C8D19E248D300AB05EF /* Sonora_Obregon.jpg in Resources */ = {isa = PBXBuildFile; fileRef = 2C2E8C6D19E248D300AB05EF /* Sonora_Obregon.jpg */; };
		2C2E8C8E19E248D300AB05EF /* Zacatecas_escudo.jpg in Resources */ = {isa = PBXBuildFile; fileRef = 2C2E8C6E19E248D300AB05EF /* Zacatecas_escudo.jpg */; };
		2C2E8C8F19E248D300AB05EF /* Zacatecas_Gpe.jpg in Resources */ = {isa = PBXBuildFile; fileRef = 2C2E8C6F19E248D300AB05EF /* Zacatecas_Gpe.jpg */; };
		2C2E8C9019E248D300AB05EF /* Zacatecas_Victor.jpeg in Resources */ = {isa = PBXBuildFile; fileRef = 2C2E8C7019E248D300AB05EF /* Zacatecas_Victor.jpeg */; };
		2C2E8C9119E248D300AB05EF /* Zacatecas_Zacatecas.jpg in Resources */ = {isa = PBXBuildFile; fileRef = 2C2E8C7119E248D300AB05EF /* Zacatecas_Zacatecas.jpg */; };
		2C2E8C9419E249E300AB05EF /* ViewController_Cities.m in Sources */ = {isa = PBXBuildFile; fileRef = 2C2E8C9319E249E300AB05EF /* ViewController_Cities.m */; };
		2CFBE9BF19E37014004DB47D /* cell_Cities.m in Sources */ = {isa = PBXBuildFile; fileRef = 2CFBE9BE19E37014004DB47D /* cell_Cities.m */; };
		2CFBE9D119E39146004DB47D /* Andres_Guardado.jpg in Resources */ = {isa = PBXBuildFile; fileRef = 2CFBE9C719E39146004DB47D /* Andres_Guardado.jpg */; };
		2CFBE9D219E39146004DB47D /* Andres_Iniesta.jpg in Resources */ = {isa = PBXBuildFile; fileRef = 2CFBE9C819E39146004DB47D /* Andres_Iniesta.jpg */; };
		2CFBE9D319E39146004DB47D /* Carlos_Salcido.png in Resources */ = {isa = PBXBuildFile; fileRef = 2CFBE9C919E39146004DB47D /* Carlos_Salcido.png */; };
		2CFBE9D419E39146004DB47D /* Fernando_Torres.jpg in Resources */ = {isa = PBXBuildFile; fileRef = 2CFBE9CA19E39146004DB47D /* Fernando_Torres.jpg */; };
		2CFBE9D519E39146004DB47D /* iker_casillas.jpg in Resources */ = {isa = PBXBuildFile; fileRef = 2CFBE9CB19E39146004DB47D /* iker_casillas.jpg */; };
		2CFBE9D619E39146004DB47D /* Javier_Hernandez.jpg in Resources */ = {isa = PBXBuildFile; fileRef = 2CFBE9CC19E39146004DB47D /* Javier_Hernandez.jpg */; };
		2CFBE9D719E39146004DB47D /* Oribe_Peralta.jpg in Resources */ = {isa = PBXBuildFile; fileRef = 2CFBE9CD19E39146004DB47D /* Oribe_Peralta.jpg */; };
		2CFBE9D819E39146004DB47D /* Rafael_Marquez.jpg in Resources */ = {isa = PBXBuildFile; fileRef = 2CFBE9CE19E39146004DB47D /* Rafael_Marquez.jpg */; };
		2CFBE9D919E39146004DB47D /* raul_jimenez.jpg in Resources */ = {isa = PBXBuildFile; fileRef = 2CFBE9CF19E39146004DB47D /* raul_jimenez.jpg */; };
		2CFBE9DA19E39146004DB47D /* Xavi_Hernandez.jpg in Resources */ = {isa = PBXBuildFile; fileRef = 2CFBE9D019E39146004DB47D /* Xavi_Hernandez.jpg */; };
		2CFBE9E019E3AB61004DB47D /* ViewController_Amigos.m in Sources */ = {isa = PBXBuildFile; fileRef = 2CFBE9DF19E3AB61004DB47D /* ViewController_Amigos.m */; };
		2CFBE9E319E3AC3E004DB47D /* cell_Amigos.m in Sources */ = {isa = PBXBuildFile; fileRef = 2CFBE9E219E3AC3E004DB47D /* cell_Amigos.m */; };
/* End PBXBuildFile section */

/* Begin PBXContainerItemProxy section */
		2C2E8C3419E228B700AB05EF /* PBXContainerItemProxy */ = {
			isa = PBXContainerItemProxy;
			containerPortal = 2C2E8C1219E228B700AB05EF /* Project object */;
			proxyType = 1;
			remoteGlobalIDString = 2C2E8C1919E228B700AB05EF;
			remoteInfo = HW2_TableView;
		};
/* End PBXContainerItemProxy section */

/* Begin PBXFileReference section */
		2C2E8C1A19E228B700AB05EF /* HW2_TableView.app */ = {isa = PBXFileReference; explicitFileType = wrapper.application; includeInIndex = 0; path = HW2_TableView.app; sourceTree = BUILT_PRODUCTS_DIR; };
		2C2E8C1E19E228B700AB05EF /* Info.plist */ = {isa = PBXFileReference; lastKnownFileType = text.plist.xml; path = Info.plist; sourceTree = "<group>"; };
		2C2E8C1F19E228B700AB05EF /* main.m */ = {isa = PBXFileReference; lastKnownFileType = sourcecode.c.objc; path = main.m; sourceTree = "<group>"; };
		2C2E8C2119E228B700AB05EF /* AppDelegate.h */ = {isa = PBXFileReference; lastKnownFileType = sourcecode.c.h; path = AppDelegate.h; sourceTree = "<group>"; };
		2C2E8C2219E228B700AB05EF /* AppDelegate.m */ = {isa = PBXFileReference; lastKnownFileType = sourcecode.c.objc; path = AppDelegate.m; sourceTree = "<group>"; };
		2C2E8C2419E228B700AB05EF /* TableViewController_States.h */ = {isa = PBXFileReference; lastKnownFileType = sourcecode.c.h; path = TableViewController_States.h; sourceTree = "<group>"; };
		2C2E8C2519E228B700AB05EF /* TableViewController_States.m */ = {isa = PBXFileReference; lastKnownFileType = sourcecode.c.objc; path = TableViewController_States.m; sourceTree = "<group>"; };
		2C2E8C2819E228B700AB05EF /* Base */ = {isa = PBXFileReference; lastKnownFileType = file.storyboard; name = Base; path = Base.lproj/Main.storyboard; sourceTree = "<group>"; };
		2C2E8C2A19E228B700AB05EF /* Images.xcassets */ = {isa = PBXFileReference; lastKnownFileType = folder.assetcatalog; path = Images.xcassets; sourceTree = "<group>"; };
		2C2E8C2D19E228B700AB05EF /* Base */ = {isa = PBXFileReference; lastKnownFileType = file.xib; name = Base; path = Base.lproj/LaunchScreen.xib; sourceTree = "<group>"; };
		2C2E8C3319E228B700AB05EF /* HW2_TableViewTests.xctest */ = {isa = PBXFileReference; explicitFileType = wrapper.cfbundle; includeInIndex = 0; path = HW2_TableViewTests.xctest; sourceTree = BUILT_PRODUCTS_DIR; };
		2C2E8C3819E228B700AB05EF /* Info.plist */ = {isa = PBXFileReference; lastKnownFileType = text.plist.xml; path = Info.plist; sourceTree = "<group>"; };
		2C2E8C3919E228B700AB05EF /* HW2_TableViewTests.m */ = {isa = PBXFileReference; lastKnownFileType = sourcecode.c.objc; path = HW2_TableViewTests.m; sourceTree = "<group>"; };
		2C2E8C4A19E22DA100AB05EF /* cell_States.h */ = {isa = PBXFileReference; fileEncoding = 4; lastKnownFileType = sourcecode.c.h; path = cell_States.h; sourceTree = "<group>"; };
		2C2E8C4B19E22DA100AB05EF /* cell_States.m */ = {isa = PBXFileReference; fileEncoding = 4; lastKnownFileType = sourcecode.c.objc; path = cell_States.m; sourceTree = "<group>"; };
		2C2E8C4D19E22DBF00AB05EF /* Declarations_States.h */ = {isa = PBXFileReference; fileEncoding = 4; lastKnownFileType = sourcecode.c.h; path = Declarations_States.h; sourceTree = "<group>"; };
		2C2E8C4E19E22DBF00AB05EF /* Declarations_States.m */ = {isa = PBXFileReference; fileEncoding = 4; lastKnownFileType = sourcecode.c.objc; path = Declarations_States.m; sourceTree = "<group>"; };
		2C2E8C5219E248D300AB05EF /* Chiapas_escudo.png */ = {isa = PBXFileReference; lastKnownFileType = image.png; path = Chiapas_escudo.png; sourceTree = "<group>"; };
		2C2E8C5319E248D300AB05EF /* Chiapas_Palenque.jpg */ = {isa = PBXFileReference; lastKnownFileType = image.jpeg; path = Chiapas_Palenque.jpg; sourceTree = "<group>"; };
		2C2E8C5419E248D300AB05EF /* Chiapas_Tapachula.jpg */ = {isa = PBXFileReference; lastKnownFileType = image.jpeg; path = Chiapas_Tapachula.jpg; sourceTree = "<group>"; };
		2C2E8C5519E248D300AB05EF /* Chiapas_Tuxtla.jpg */ = {isa = PBXFileReference; lastKnownFileType = image.jpeg; path = Chiapas_Tuxtla.jpg; sourceTree = "<group>"; };
		2C2E8C5619E248D300AB05EF /* Colima_Colima.jpg */ = {isa = PBXFileReference; lastKnownFileType = image.jpeg; path = Colima_Colima.jpg; sourceTree = "<group>"; };
		2C2E8C5719E248D300AB05EF /* Colima_escudo.jpg */ = {isa = PBXFileReference; lastKnownFileType = image.jpeg; path = Colima_escudo.jpg; sourceTree = "<group>"; };
		2C2E8C5819E248D300AB05EF /* Colima_Manzanillo.jpg */ = {isa = PBXFileReference; lastKnownFileType = image.jpeg; path = Colima_Manzanillo.jpg; sourceTree = "<group>"; };
		2C2E8C5919E248D300AB05EF /* Colima_Tecoman.jpg */ = {isa = PBXFileReference; lastKnownFileType = image.jpeg; path = Colima_Tecoman.jpg; sourceTree = "<group>"; };
		2C2E8C5A19E248D300AB05EF /* Jalisco_escudo.png */ = {isa = PBXFileReference; lastKnownFileType = image.png; path = Jalisco_escudo.png; sourceTree = "<group>"; };
		2C2E8C5B19E248D300AB05EF /* Jalisco_Gdl.jpg */ = {isa = PBXFileReference; lastKnownFileType = image.jpeg; path = Jalisco_Gdl.jpg; sourceTree = "<group>"; };
		2C2E8C5C19E248D300AB05EF /* Jalisco_Tonala.JPG */ = {isa = PBXFileReference; lastKnownFileType = image.jpeg; path = Jalisco_Tonala.JPG; sourceTree = "<group>"; };
		2C2E8C5D19E248D300AB05EF /* Jalisco_Zapopan.jpg */ = {isa = PBXFileReference; lastKnownFileType = image.jpeg; path = Jalisco_Zapopan.jpg; sourceTree = "<group>"; };
		2C2E8C5E19E248D300AB05EF /* Michoacan_escudo.png */ = {isa = PBXFileReference; lastKnownFileType = image.png; path = Michoacan_escudo.png; sourceTree = "<group>"; };
		2C2E8C5F19E248D300AB05EF /* Michoacan_Morelia.jpg */ = {isa = PBXFileReference; lastKnownFileType = image.jpeg; path = Michoacan_Morelia.jpg; sourceTree = "<group>"; };
		2C2E8C6019E248D300AB05EF /* Michoacan_Patzcuaro.jpg */ = {isa = PBXFileReference; lastKnownFileType = image.jpeg; path = Michoacan_Patzcuaro.jpg; sourceTree = "<group>"; };
		2C2E8C6119E248D300AB05EF /* Michoacan_Uruapan.jpg */ = {isa = PBXFileReference; lastKnownFileType = image.jpeg; path = Michoacan_Uruapan.jpg; sourceTree = "<group>"; };
		2C2E8C6219E248D300AB05EF /* Nayarit_escudo.jpg */ = {isa = PBXFileReference; lastKnownFileType = image.jpeg; path = Nayarit_escudo.jpg; sourceTree = "<group>"; };
		2C2E8C6319E248D300AB05EF /* Nayarit_Ixtlan.jpg */ = {isa = PBXFileReference; lastKnownFileType = image.jpeg; path = Nayarit_Ixtlan.jpg; sourceTree = "<group>"; };
		2C2E8C6419E248D300AB05EF /* Nayarit_SanBlas.jpg */ = {isa = PBXFileReference; lastKnownFileType = image.jpeg; path = Nayarit_SanBlas.jpg; sourceTree = "<group>"; };
		2C2E8C6519E248D300AB05EF /* Nayarit_Tepic.jpg */ = {isa = PBXFileReference; lastKnownFileType = image.jpeg; path = Nayarit_Tepic.jpg; sourceTree = "<group>"; };
		2C2E8C6619E248D300AB05EF /* Sinaloa_Culiacan.jpg */ = {isa = PBXFileReference; lastKnownFileType = image.jpeg; path = Sinaloa_Culiacan.jpg; sourceTree = "<group>"; };
		2C2E8C6719E248D300AB05EF /* Sinaloa_escudo.png */ = {isa = PBXFileReference; lastKnownFileType = image.png; path = Sinaloa_escudo.png; sourceTree = "<group>"; };
		2C2E8C6819E248D300AB05EF /* Sinaloa_Mazatlan.jpg */ = {isa = PBXFileReference; lastKnownFileType = image.jpeg; path = Sinaloa_Mazatlan.jpg; sourceTree = "<group>"; };
		2C2E8C6919E248D300AB05EF /* Sinaloa_Mochis.jpg */ = {isa = PBXFileReference; lastKnownFileType = image.jpeg; path = Sinaloa_Mochis.jpg; sourceTree = "<group>"; };
		2C2E8C6A19E248D300AB05EF /* Sonora_escudo.png */ = {isa = PBXFileReference; lastKnownFileType = image.png; path = Sonora_escudo.png; sourceTree = "<group>"; };
		2C2E8C6B19E248D300AB05EF /* Sonora_Hermosillo.jpg */ = {isa = PBXFileReference; lastKnownFileType = image.jpeg; path = Sonora_Hermosillo.jpg; sourceTree = "<group>"; };
		2C2E8C6C19E248D300AB05EF /* Sonora_Navojoa.jpg */ = {isa = PBXFileReference; lastKnownFileType = image.jpeg; path = Sonora_Navojoa.jpg; sourceTree = "<group>"; };
		2C2E8C6D19E248D300AB05EF /* Sonora_Obregon.jpg */ = {isa = PBXFileReference; lastKnownFileType = image.jpeg; path = Sonora_Obregon.jpg; sourceTree = "<group>"; };
		2C2E8C6E19E248D300AB05EF /* Zacatecas_escudo.jpg */ = {isa = PBXFileReference; lastKnownFileType = image.jpeg; path = Zacatecas_escudo.jpg; sourceTree = "<group>"; };
		2C2E8C6F19E248D300AB05EF /* Zacatecas_Gpe.jpg */ = {isa = PBXFileReference; lastKnownFileType = image.jpeg; path = Zacatecas_Gpe.jpg; sourceTree = "<group>"; };
		2C2E8C7019E248D300AB05EF /* Zacatecas_Victor.jpeg */ = {isa = PBXFileReference; lastKnownFileType = image.jpeg; path = Zacatecas_Victor.jpeg; sourceTree = "<group>"; };
		2C2E8C7119E248D300AB05EF /* Zacatecas_Zacatecas.jpg */ = {isa = PBXFileReference; lastKnownFileType = image.jpeg; path = Zacatecas_Zacatecas.jpg; sourceTree = "<group>"; };
		2C2E8C9219E249E300AB05EF /* ViewController_Cities.h */ = {isa = PBXFileReference; fileEncoding = 4; lastKnownFileType = sourcecode.c.h; path = ViewController_Cities.h; sourceTree = "<group>"; };
		2C2E8C9319E249E300AB05EF /* ViewController_Cities.m */ = {isa = PBXFileReference; fileEncoding = 4; lastKnownFileType = sourcecode.c.objc; path = ViewController_Cities.m; sourceTree = "<group>"; };
		2CFBE9BD19E37014004DB47D /* cell_Cities.h */ = {isa = PBXFileReference; fileEncoding = 4; lastKnownFileType = sourcecode.c.h; path = cell_Cities.h; sourceTree = "<group>"; };
		2CFBE9BE19E37014004DB47D /* cell_Cities.m */ = {isa = PBXFileReference; fileEncoding = 4; lastKnownFileType = sourcecode.c.objc; path = cell_Cities.m; sourceTree = "<group>"; };
		2CFBE9C719E39146004DB47D /* Andres_Guardado.jpg */ = {isa = PBXFileReference; lastKnownFileType = image.jpeg; name = Andres_Guardado.jpg; path = Amigos/Andres_Guardado.jpg; sourceTree = "<group>"; };
		2CFBE9C819E39146004DB47D /* Andres_Iniesta.jpg */ = {isa = PBXFileReference; lastKnownFileType = image.jpeg; name = Andres_Iniesta.jpg; path = Amigos/Andres_Iniesta.jpg; sourceTree = "<group>"; };
		2CFBE9C919E39146004DB47D /* Carlos_Salcido.png */ = {isa = PBXFileReference; lastKnownFileType = image.png; name = Carlos_Salcido.png; path = Amigos/Carlos_Salcido.png; sourceTree = "<group>"; };
		2CFBE9CA19E39146004DB47D /* Fernando_Torres.jpg */ = {isa = PBXFileReference; lastKnownFileType = image.jpeg; name = Fernando_Torres.jpg; path = Amigos/Fernando_Torres.jpg; sourceTree = "<group>"; };
		2CFBE9CB19E39146004DB47D /* iker_casillas.jpg */ = {isa = PBXFileReference; lastKnownFileType = image.jpeg; name = iker_casillas.jpg; path = Amigos/iker_casillas.jpg; sourceTree = "<group>"; };
		2CFBE9CC19E39146004DB47D /* Javier_Hernandez.jpg */ = {isa = PBXFileReference; lastKnownFileType = image.jpeg; name = Javier_Hernandez.jpg; path = Amigos/Javier_Hernandez.jpg; sourceTree = "<group>"; };
		2CFBE9CD19E39146004DB47D /* Oribe_Peralta.jpg */ = {isa = PBXFileReference; lastKnownFileType = image.jpeg; name = Oribe_Peralta.jpg; path = Amigos/Oribe_Peralta.jpg; sourceTree = "<group>"; };
		2CFBE9CE19E39146004DB47D /* Rafael_Marquez.jpg */ = {isa = PBXFileReference; lastKnownFileType = image.jpeg; name = Rafael_Marquez.jpg; path = Amigos/Rafael_Marquez.jpg; sourceTree = "<group>"; };
		2CFBE9CF19E39146004DB47D /* raul_jimenez.jpg */ = {isa = PBXFileReference; lastKnownFileType = image.jpeg; name = raul_jimenez.jpg; path = Amigos/raul_jimenez.jpg; sourceTree = "<group>"; };
		2CFBE9D019E39146004DB47D /* Xavi_Hernandez.jpg */ = {isa = PBXFileReference; lastKnownFileType = image.jpeg; name = Xavi_Hernandez.jpg; path = Amigos/Xavi_Hernandez.jpg; sourceTree = "<group>"; };
		2CFBE9DE19E3AB61004DB47D /* ViewController_Amigos.h */ = {isa = PBXFileReference; fileEncoding = 4; lastKnownFileType = sourcecode.c.h; path = ViewController_Amigos.h; sourceTree = "<group>"; };
		2CFBE9DF19E3AB61004DB47D /* ViewController_Amigos.m */ = {isa = PBXFileReference; fileEncoding = 4; lastKnownFileType = sourcecode.c.objc; path = ViewController_Amigos.m; sourceTree = "<group>"; };
		2CFBE9E119E3AC3E004DB47D /* cell_Amigos.h */ = {isa = PBXFileReference; fileEncoding = 4; lastKnownFileType = sourcecode.c.h; path = cell_Amigos.h; sourceTree = "<group>"; };
		2CFBE9E219E3AC3E004DB47D /* cell_Amigos.m */ = {isa = PBXFileReference; fileEncoding = 4; lastKnownFileType = sourcecode.c.objc; path = cell_Amigos.m; sourceTree = "<group>"; };
/* End PBXFileReference section */

/* Begin PBXFrameworksBuildPhase section */
		2C2E8C1719E228B700AB05EF /* Frameworks */ = {
			isa = PBXFrameworksBuildPhase;
			buildActionMask = 2147483647;
			files = (
			);
			runOnlyForDeploymentPostprocessing = 0;
		};
		2C2E8C3019E228B700AB05EF /* Frameworks */ = {
			isa = PBXFrameworksBuildPhase;
			buildActionMask = 2147483647;
			files = (
			);
			runOnlyForDeploymentPostprocessing = 0;
		};
/* End PBXFrameworksBuildPhase section */

/* Begin PBXGroup section */
		2C2E8C1119E228B700AB05EF = {
			isa = PBXGroup;
			children = (
				2C2E8C4619E22D3C00AB05EF /* Customized */,
				2C2E8C1C19E228B700AB05EF /* HW2_TableView */,
				2C2E8C3619E228B700AB05EF /* HW2_TableViewTests */,
				2C2E8C1B19E228B700AB05EF /* Products */,
			);
			sourceTree = "<group>";
		};
		2C2E8C1B19E228B700AB05EF /* Products */ = {
			isa = PBXGroup;
			children = (
				2C2E8C1A19E228B700AB05EF /* HW2_TableView.app */,
				2C2E8C3319E228B700AB05EF /* HW2_TableViewTests.xctest */,
			);
			name = Products;
			sourceTree = "<group>";
		};
		2C2E8C1C19E228B700AB05EF /* HW2_TableView */ = {
			isa = PBXGroup;
			children = (
				2C2E8C2119E228B700AB05EF /* AppDelegate.h */,
				2C2E8C2219E228B700AB05EF /* AppDelegate.m */,
				2C2E8C4D19E22DBF00AB05EF /* Declarations_States.h */,
				2C2E8C4E19E22DBF00AB05EF /* Declarations_States.m */,
				2C2E8C2419E228B700AB05EF /* TableViewController_States.h */,
				2C2E8C2519E228B700AB05EF /* TableViewController_States.m */,
				2C2E8C9219E249E300AB05EF /* ViewController_Cities.h */,
				2C2E8C9319E249E300AB05EF /* ViewController_Cities.m */,
				2CFBE9DE19E3AB61004DB47D /* ViewController_Amigos.h */,
				2CFBE9DF19E3AB61004DB47D /* ViewController_Amigos.m */,
				2C2E8C2719E228B700AB05EF /* Main.storyboard */,
				2C2E8C2A19E228B700AB05EF /* Images.xcassets */,
				2C2E8C2C19E228B700AB05EF /* LaunchScreen.xib */,
				2C2E8C1D19E228B700AB05EF /* Supporting Files */,
			);
			path = HW2_TableView;
			sourceTree = "<group>";
		};
		2C2E8C1D19E228B700AB05EF /* Supporting Files */ = {
			isa = PBXGroup;
			children = (
				2C2E8C5019E248D300AB05EF /* img */,
				2C2E8C1E19E228B700AB05EF /* Info.plist */,
				2C2E8C1F19E228B700AB05EF /* main.m */,
			);
			name = "Supporting Files";
			sourceTree = "<group>";
		};
		2C2E8C3619E228B700AB05EF /* HW2_TableViewTests */ = {
			isa = PBXGroup;
			children = (
				2C2E8C3919E228B700AB05EF /* HW2_TableViewTests.m */,
				2C2E8C3719E228B700AB05EF /* Supporting Files */,
			);
			path = HW2_TableViewTests;
			sourceTree = "<group>";
		};
		2C2E8C3719E228B700AB05EF /* Supporting Files */ = {
			isa = PBXGroup;
			children = (
				2C2E8C3819E228B700AB05EF /* Info.plist */,
			);
			name = "Supporting Files";
			sourceTree = "<group>";
		};
		2C2E8C4619E22D3C00AB05EF /* Customized */ = {
			isa = PBXGroup;
			children = (
				2C2E8C4A19E22DA100AB05EF /* cell_States.h */,
				2C2E8C4B19E22DA100AB05EF /* cell_States.m */,
				2CFBE9BD19E37014004DB47D /* cell_Cities.h */,
				2CFBE9BE19E37014004DB47D /* cell_Cities.m */,
				2CFBE9E119E3AC3E004DB47D /* cell_Amigos.h */,
				2CFBE9E219E3AC3E004DB47D /* cell_Amigos.m */,
			);
			name = Customized;
			sourceTree = "<group>";
		};
		2C2E8C5019E248D300AB05EF /* img */ = {
			isa = PBXGroup;
			children = (
				2CFBE9C619E39129004DB47D /* Amigos */,
				2C2E8C5119E248D300AB05EF /* Estados */,
			);
			path = img;
			sourceTree = "<group>";
		};
		2C2E8C5119E248D300AB05EF /* Estados */ = {
			isa = PBXGroup;
			children = (
				2C2E8C5219E248D300AB05EF /* Chiapas_escudo.png */,
				2C2E8C5319E248D300AB05EF /* Chiapas_Palenque.jpg */,
				2C2E8C5419E248D300AB05EF /* Chiapas_Tapachula.jpg */,
				2C2E8C5519E248D300AB05EF /* Chiapas_Tuxtla.jpg */,
				2C2E8C5619E248D300AB05EF /* Colima_Colima.jpg */,
				2C2E8C5719E248D300AB05EF /* Colima_escudo.jpg */,
				2C2E8C5819E248D300AB05EF /* Colima_Manzanillo.jpg */,
				2C2E8C5919E248D300AB05EF /* Colima_Tecoman.jpg */,
				2C2E8C5A19E248D300AB05EF /* Jalisco_escudo.png */,
				2C2E8C5B19E248D300AB05EF /* Jalisco_Gdl.jpg */,
				2C2E8C5C19E248D300AB05EF /* Jalisco_Tonala.JPG */,
				2C2E8C5D19E248D300AB05EF /* Jalisco_Zapopan.jpg */,
				2C2E8C5E19E248D300AB05EF /* Michoacan_escudo.png */,
				2C2E8C5F19E248D300AB05EF /* Michoacan_Morelia.jpg */,
				2C2E8C6019E248D300AB05EF /* Michoacan_Patzcuaro.jpg */,
				2C2E8C6119E248D300AB05EF /* Michoacan_Uruapan.jpg */,
				2C2E8C6219E248D300AB05EF /* Nayarit_escudo.jpg */,
				2C2E8C6319E248D300AB05EF /* Nayarit_Ixtlan.jpg */,
				2C2E8C6419E248D300AB05EF /* Nayarit_SanBlas.jpg */,
				2C2E8C6519E248D300AB05EF /* Nayarit_Tepic.jpg */,
				2C2E8C6619E248D300AB05EF /* Sinaloa_Culiacan.jpg */,
				2C2E8C6719E248D300AB05EF /* Sinaloa_escudo.png */,
				2C2E8C6819E248D300AB05EF /* Sinaloa_Mazatlan.jpg */,
				2C2E8C6919E248D300AB05EF /* Sinaloa_Mochis.jpg */,
				2C2E8C6A19E248D300AB05EF /* Sonora_escudo.png */,
				2C2E8C6B19E248D300AB05EF /* Sonora_Hermosillo.jpg */,
				2C2E8C6C19E248D300AB05EF /* Sonora_Navojoa.jpg */,
				2C2E8C6D19E248D300AB05EF /* Sonora_Obregon.jpg */,
				2C2E8C6E19E248D300AB05EF /* Zacatecas_escudo.jpg */,
				2C2E8C6F19E248D300AB05EF /* Zacatecas_Gpe.jpg */,
				2C2E8C7019E248D300AB05EF /* Zacatecas_Victor.jpeg */,
				2C2E8C7119E248D300AB05EF /* Zacatecas_Zacatecas.jpg */,
			);
			path = Estados;
			sourceTree = "<group>";
		};
		2CFBE9C619E39129004DB47D /* Amigos */ = {
			isa = PBXGroup;
			children = (
				2CFBE9C719E39146004DB47D /* Andres_Guardado.jpg */,
				2CFBE9C819E39146004DB47D /* Andres_Iniesta.jpg */,
				2CFBE9C919E39146004DB47D /* Carlos_Salcido.png */,
				2CFBE9CA19E39146004DB47D /* Fernando_Torres.jpg */,
				2CFBE9CB19E39146004DB47D /* iker_casillas.jpg */,
				2CFBE9CC19E39146004DB47D /* Javier_Hernandez.jpg */,
				2CFBE9CD19E39146004DB47D /* Oribe_Peralta.jpg */,
				2CFBE9CE19E39146004DB47D /* Rafael_Marquez.jpg */,
				2CFBE9CF19E39146004DB47D /* raul_jimenez.jpg */,
				2CFBE9D019E39146004DB47D /* Xavi_Hernandez.jpg */,
			);
			name = Amigos;
			sourceTree = "<group>";
		};
/* End PBXGroup section */

/* Begin PBXNativeTarget section */
		2C2E8C1919E228B700AB05EF /* HW2_TableView */ = {
			isa = PBXNativeTarget;
			buildConfigurationList = 2C2E8C3D19E228B700AB05EF /* Build configuration list for PBXNativeTarget "HW2_TableView" */;
			buildPhases = (
				2C2E8C1619E228B700AB05EF /* Sources */,
				2C2E8C1719E228B700AB05EF /* Frameworks */,
				2C2E8C1819E228B700AB05EF /* Resources */,
			);
			buildRules = (
			);
			dependencies = (
			);
			name = HW2_TableView;
			productName = HW2_TableView;
			productReference = 2C2E8C1A19E228B700AB05EF /* HW2_TableView.app */;
			productType = "com.apple.product-type.application";
		};
		2C2E8C3219E228B700AB05EF /* HW2_TableViewTests */ = {
			isa = PBXNativeTarget;
			buildConfigurationList = 2C2E8C4019E228B700AB05EF /* Build configuration list for PBXNativeTarget "HW2_TableViewTests" */;
			buildPhases = (
				2C2E8C2F19E228B700AB05EF /* Sources */,
				2C2E8C3019E228B700AB05EF /* Frameworks */,
				2C2E8C3119E228B700AB05EF /* Resources */,
			);
			buildRules = (
			);
			dependencies = (
				2C2E8C3519E228B700AB05EF /* PBXTargetDependency */,
			);
			name = HW2_TableViewTests;
			productName = HW2_TableViewTests;
			productReference = 2C2E8C3319E228B700AB05EF /* HW2_TableViewTests.xctest */;
			productType = "com.apple.product-type.bundle.unit-test";
		};
/* End PBXNativeTarget section */

/* Begin PBXProject section */
		2C2E8C1219E228B700AB05EF /* Project object */ = {
			isa = PBXProject;
			attributes = {
				LastUpgradeCheck = 0600;
				ORGANIZATIONNAME = "Edgar González";
				TargetAttributes = {
					2C2E8C1919E228B700AB05EF = {
						CreatedOnToolsVersion = 6.0.1;
					};
					2C2E8C3219E228B700AB05EF = {
						CreatedOnToolsVersion = 6.0.1;
						TestTargetID = 2C2E8C1919E228B700AB05EF;
					};
				};
			};
			buildConfigurationList = 2C2E8C1519E228B700AB05EF /* Build configuration list for PBXProject "HW2_TableView" */;
			compatibilityVersion = "Xcode 3.2";
			developmentRegion = English;
			hasScannedForEncodings = 0;
			knownRegions = (
				en,
				Base,
			);
			mainGroup = 2C2E8C1119E228B700AB05EF;
			productRefGroup = 2C2E8C1B19E228B700AB05EF /* Products */;
			projectDirPath = "";
			projectRoot = "";
			targets = (
				2C2E8C1919E228B700AB05EF /* HW2_TableView */,
				2C2E8C3219E228B700AB05EF /* HW2_TableViewTests */,
			);
		};
/* End PBXProject section */

/* Begin PBXResourcesBuildPhase section */
		2C2E8C1819E228B700AB05EF /* Resources */ = {
			isa = PBXResourcesBuildPhase;
			buildActionMask = 2147483647;
			files = (
				2CFBE9D219E39146004DB47D /* Andres_Iniesta.jpg in Resources */,
				2C2E8C7319E248D300AB05EF /* Chiapas_Palenque.jpg in Resources */,
				2C2E8C8619E248D300AB05EF /* Sinaloa_Culiacan.jpg in Resources */,
				2C2E8C7619E248D300AB05EF /* Colima_Colima.jpg in Resources */,
				2C2E8C8519E248D300AB05EF /* Nayarit_Tepic.jpg in Resources */,
				2C2E8C9119E248D300AB05EF /* Zacatecas_Zacatecas.jpg in Resources */,
				2C2E8C8719E248D300AB05EF /* Sinaloa_escudo.png in Resources */,
				2C2E8C8819E248D300AB05EF /* Sinaloa_Mazatlan.jpg in Resources */,
				2C2E8C8B19E248D300AB05EF /* Sonora_Hermosillo.jpg in Resources */,
				2C2E8C7919E248D300AB05EF /* Colima_Tecoman.jpg in Resources */,
				2C2E8C8419E248D300AB05EF /* Nayarit_SanBlas.jpg in Resources */,
				2C2E8C7219E248D300AB05EF /* Chiapas_escudo.png in Resources */,
				2C2E8C7D19E248D300AB05EF /* Jalisco_Zapopan.jpg in Resources */,
				2C2E8C8919E248D300AB05EF /* Sinaloa_Mochis.jpg in Resources */,
				2CFBE9D619E39146004DB47D /* Javier_Hernandez.jpg in Resources */,
				2C2E8C7A19E248D300AB05EF /* Jalisco_escudo.png in Resources */,
				2C2E8C8A19E248D300AB05EF /* Sonora_escudo.png in Resources */,
				2CFBE9D719E39146004DB47D /* Oribe_Peralta.jpg in Resources */,
				2C2E8C7719E248D300AB05EF /* Colima_escudo.jpg in Resources */,
				2C2E8C8319E248D300AB05EF /* Nayarit_Ixtlan.jpg in Resources */,
				2C2E8C7F19E248D300AB05EF /* Michoacan_Morelia.jpg in Resources */,
				2CFBE9D319E39146004DB47D /* Carlos_Salcido.png in Resources */,
				2CFBE9D819E39146004DB47D /* Rafael_Marquez.jpg in Resources */,
				2C2E8C2919E228B700AB05EF /* Main.storyboard in Resources */,
				2C2E8C2E19E228B700AB05EF /* LaunchScreen.xib in Resources */,
				2CFBE9D519E39146004DB47D /* iker_casillas.jpg in Resources */,
				2C2E8C7519E248D300AB05EF /* Chiapas_Tuxtla.jpg in Resources */,
				2CFBE9D119E39146004DB47D /* Andres_Guardado.jpg in Resources */,
				2C2E8C8E19E248D300AB05EF /* Zacatecas_escudo.jpg in Resources */,
				2C2E8C8219E248D300AB05EF /* Nayarit_escudo.jpg in Resources */,
				2C2E8C2B19E228B700AB05EF /* Images.xcassets in Resources */,
				2C2E8C7419E248D300AB05EF /* Chiapas_Tapachula.jpg in Resources */,
				2C2E8C8019E248D300AB05EF /* Michoacan_Patzcuaro.jpg in Resources */,
				2C2E8C8C19E248D300AB05EF /* Sonora_Navojoa.jpg in Resources */,
				2C2E8C8D19E248D300AB05EF /* Sonora_Obregon.jpg in Resources */,
				2C2E8C7E19E248D300AB05EF /* Michoacan_escudo.png in Resources */,
				2CFBE9DA19E39146004DB47D /* Xavi_Hernandez.jpg in Resources */,
				2CFBE9D919E39146004DB47D /* raul_jimenez.jpg in Resources */,
				2C2E8C7819E248D300AB05EF /* Colima_Manzanillo.jpg in Resources */,
				2C2E8C8119E248D300AB05EF /* Michoacan_Uruapan.jpg in Resources */,
				2C2E8C8F19E248D300AB05EF /* Zacatecas_Gpe.jpg in Resources */,
				2C2E8C7C19E248D300AB05EF /* Jalisco_Tonala.JPG in Resources */,
				2C2E8C9019E248D300AB05EF /* Zacatecas_Victor.jpeg in Resources */,
				2CFBE9D419E39146004DB47D /* Fernando_Torres.jpg in Resources */,
				2C2E8C7B19E248D300AB05EF /* Jalisco_Gdl.jpg in Resources */,
			);
			runOnlyForDeploymentPostprocessing = 0;
		};
		2C2E8C3119E228B700AB05EF /* Resources */ = {
			isa = PBXResourcesBuildPhase;
			buildActionMask = 2147483647;
			files = (
			);
			runOnlyForDeploymentPostprocessing = 0;
		};
/* End PBXResourcesBuildPhase section */

/* Begin PBXSourcesBuildPhase section */
		2C2E8C1619E228B700AB05EF /* Sources */ = {
			isa = PBXSourcesBuildPhase;
			buildActionMask = 2147483647;
			files = (
				2CFBE9E019E3AB61004DB47D /* ViewController_Amigos.m in Sources */,
				2C2E8C2619E228B700AB05EF /* TableViewController_States.m in Sources */,
				2C2E8C2319E228B700AB05EF /* AppDelegate.m in Sources */,
				2C2E8C4F19E22DBF00AB05EF /* Declarations_States.m in Sources */,
				2C2E8C9419E249E300AB05EF /* ViewController_Cities.m in Sources */,
				2CFBE9BF19E37014004DB47D /* cell_Cities.m in Sources */,
				2C2E8C2019E228B700AB05EF /* main.m in Sources */,
				2C2E8C4C19E22DA100AB05EF /* cell_States.m in Sources */,
				2CFBE9E319E3AC3E004DB47D /* cell_Amigos.m in Sources */,
			);
			runOnlyForDeploymentPostprocessing = 0;
		};
		2C2E8C2F19E228B700AB05EF /* Sources */ = {
			isa = PBXSourcesBuildPhase;
			buildActionMask = 2147483647;
			files = (
				2C2E8C3A19E228B700AB05EF /* HW2_TableViewTests.m in Sources */,
			);
			runOnlyForDeploymentPostprocessing = 0;
		};
/* End PBXSourcesBuildPhase section */

/* Begin PBXTargetDependency section */
		2C2E8C3519E228B700AB05EF /* PBXTargetDependency */ = {
			isa = PBXTargetDependency;
			target = 2C2E8C1919E228B700AB05EF /* HW2_TableView */;
			targetProxy = 2C2E8C3419E228B700AB05EF /* PBXContainerItemProxy */;
		};
/* End PBXTargetDependency section */

/* Begin PBXVariantGroup section */
		2C2E8C2719E228B700AB05EF /* Main.storyboard */ = {
			isa = PBXVariantGroup;
			children = (
				2C2E8C2819E228B700AB05EF /* Base */,
			);
			name = Main.storyboard;
			sourceTree = "<group>";
		};
		2C2E8C2C19E228B700AB05EF /* LaunchScreen.xib */ = {
			isa = PBXVariantGroup;
			children = (
				2C2E8C2D19E228B700AB05EF /* Base */,
			);
			name = LaunchScreen.xib;
			sourceTree = "<group>";
		};
/* End PBXVariantGroup section */

/* Begin XCBuildConfiguration section */
		2C2E8C3B19E228B700AB05EF /* Debug */ = {
			isa = XCBuildConfiguration;
			buildSettings = {
				ALWAYS_SEARCH_USER_PATHS = NO;
				CLANG_CXX_LANGUAGE_STANDARD = "gnu++0x";
				CLANG_CXX_LIBRARY = "libc++";
				CLANG_ENABLE_MODULES = YES;
				CLANG_ENABLE_OBJC_ARC = YES;
				CLANG_WARN_BOOL_CONVERSION = YES;
				CLANG_WARN_CONSTANT_CONVERSION = YES;
				CLANG_WARN_DIRECT_OBJC_ISA_USAGE = YES_ERROR;
				CLANG_WARN_EMPTY_BODY = YES;
				CLANG_WARN_ENUM_CONVERSION = YES;
				CLANG_WARN_INT_CONVERSION = YES;
				CLANG_WARN_OBJC_ROOT_CLASS = YES_ERROR;
				CLANG_WARN_UNREACHABLE_CODE = YES;
				CLANG_WARN__DUPLICATE_METHOD_MATCH = YES;
				"CODE_SIGN_IDENTITY[sdk=iphoneos*]" = "iPhone Developer";
				COPY_PHASE_STRIP = NO;
				ENABLE_STRICT_OBJC_MSGSEND = YES;
				GCC_C_LANGUAGE_STANDARD = gnu99;
				GCC_DYNAMIC_NO_PIC = NO;
				GCC_OPTIMIZATION_LEVEL = 0;
				GCC_PREPROCESSOR_DEFINITIONS = (
					"DEBUG=1",
					"$(inherited)",
				);
				GCC_SYMBOLS_PRIVATE_EXTERN = NO;
				GCC_WARN_64_TO_32_BIT_CONVERSION = YES;
				GCC_WARN_ABOUT_RETURN_TYPE = YES_ERROR;
				GCC_WARN_UNDECLARED_SELECTOR = YES;
				GCC_WARN_UNINITIALIZED_AUTOS = YES_AGGRESSIVE;
				GCC_WARN_UNUSED_FUNCTION = YES;
				GCC_WARN_UNUSED_VARIABLE = YES;
				IPHONEOS_DEPLOYMENT_TARGET = 8.0;
				MTL_ENABLE_DEBUG_INFO = YES;
				ONLY_ACTIVE_ARCH = YES;
				SDKROOT = iphoneos;
			};
			name = Debug;
		};
		2C2E8C3C19E228B700AB05EF /* Release */ = {
			isa = XCBuildConfiguration;
			buildSettings = {
				ALWAYS_SEARCH_USER_PATHS = NO;
				CLANG_CXX_LANGUAGE_STANDARD = "gnu++0x";
				CLANG_CXX_LIBRARY = "libc++";
				CLANG_ENABLE_MODULES = YES;
				CLANG_ENABLE_OBJC_ARC = YES;
				CLANG_WARN_BOOL_CONVERSION = YES;
				CLANG_WARN_CONSTANT_CONVERSION = YES;
				CLANG_WARN_DIRECT_OBJC_ISA_USAGE = YES_ERROR;
				CLANG_WARN_EMPTY_BODY = YES;
				CLANG_WARN_ENUM_CONVERSION = YES;
				CLANG_WARN_INT_CONVERSION = YES;
				CLANG_WARN_OBJC_ROOT_CLASS = YES_ERROR;
				CLANG_WARN_UNREACHABLE_CODE = YES;
				CLANG_WARN__DUPLICATE_METHOD_MATCH = YES;
				"CODE_SIGN_IDENTITY[sdk=iphoneos*]" = "iPhone Developer";
				COPY_PHASE_STRIP = YES;
				ENABLE_NS_ASSERTIONS = NO;
				ENABLE_STRICT_OBJC_MSGSEND = YES;
				GCC_C_LANGUAGE_STANDARD = gnu99;
				GCC_WARN_64_TO_32_BIT_CONVERSION = YES;
				GCC_WARN_ABOUT_RETURN_TYPE = YES_ERROR;
				GCC_WARN_UNDECLARED_SELECTOR = YES;
				GCC_WARN_UNINITIALIZED_AUTOS = YES_AGGRESSIVE;
				GCC_WARN_UNUSED_FUNCTION = YES;
				GCC_WARN_UNUSED_VARIABLE = YES;
				IPHONEOS_DEPLOYMENT_TARGET = 8.0;
				MTL_ENABLE_DEBUG_INFO = NO;
				SDKROOT = iphoneos;
				VALIDATE_PRODUCT = YES;
			};
			name = Release;
		};
		2C2E8C3E19E228B700AB05EF /* Debug */ = {
			isa = XCBuildConfiguration;
			buildSettings = {
				ASSETCATALOG_COMPILER_APPICON_NAME = AppIcon;
				INFOPLIST_FILE = HW2_TableView/Info.plist;
				LD_RUNPATH_SEARCH_PATHS = "$(inherited) @executable_path/Frameworks";
				PRODUCT_NAME = "$(TARGET_NAME)";
			};
			name = Debug;
		};
		2C2E8C3F19E228B700AB05EF /* Release */ = {
			isa = XCBuildConfiguration;
			buildSettings = {
				ASSETCATALOG_COMPILER_APPICON_NAME = AppIcon;
				INFOPLIST_FILE = HW2_TableView/Info.plist;
				LD_RUNPATH_SEARCH_PATHS = "$(inherited) @executable_path/Frameworks";
				PRODUCT_NAME = "$(TARGET_NAME)";
			};
			name = Release;
		};
		2C2E8C4119E228B700AB05EF /* Debug */ = {
			isa = XCBuildConfiguration;
			buildSettings = {
				BUNDLE_LOADER = "$(TEST_HOST)";
				FRAMEWORK_SEARCH_PATHS = (
					"$(SDKROOT)/Developer/Library/Frameworks",
					"$(inherited)",
				);
				GCC_PREPROCESSOR_DEFINITIONS = (
					"DEBUG=1",
					"$(inherited)",
				);
				INFOPLIST_FILE = HW2_TableViewTests/Info.plist;
				LD_RUNPATH_SEARCH_PATHS = "$(inherited) @executable_path/Frameworks @loader_path/Frameworks";
				PRODUCT_NAME = "$(TARGET_NAME)";
				TEST_HOST = "$(BUILT_PRODUCTS_DIR)/HW2_TableView.app/HW2_TableView";
			};
			name = Debug;
		};
		2C2E8C4219E228B700AB05EF /* Release */ = {
			isa = XCBuildConfiguration;
			buildSettings = {
				BUNDLE_LOADER = "$(TEST_HOST)";
				FRAMEWORK_SEARCH_PATHS = (
					"$(SDKROOT)/Developer/Library/Frameworks",
					"$(inherited)",
				);
				INFOPLIST_FILE = HW2_TableViewTests/Info.plist;
				LD_RUNPATH_SEARCH_PATHS = "$(inherited) @executable_path/Frameworks @loader_path/Frameworks";
				PRODUCT_NAME = "$(TARGET_NAME)";
				TEST_HOST = "$(BUILT_PRODUCTS_DIR)/HW2_TableView.app/HW2_TableView";
			};
			name = Release;
		};
/* End XCBuildConfiguration section */

/* Begin XCConfigurationList section */
		2C2E8C1519E228B700AB05EF /* Build configuration list for PBXProject "HW2_TableView" */ = {
			isa = XCConfigurationList;
			buildConfigurations = (
				2C2E8C3B19E228B700AB05EF /* Debug */,
				2C2E8C3C19E228B700AB05EF /* Release */,
			);
			defaultConfigurationIsVisible = 0;
			defaultConfigurationName = Release;
		};
		2C2E8C3D19E228B700AB05EF /* Build configuration list for PBXNativeTarget "HW2_TableView" */ = {
			isa = XCConfigurationList;
			buildConfigurations = (
				2C2E8C3E19E228B700AB05EF /* Debug */,
				2C2E8C3F19E228B700AB05EF /* Release */,
			);
			defaultConfigurationIsVisible = 0;
			defaultConfigurationName = Release;
		};
		2C2E8C4019E228B700AB05EF /* Build configuration list for PBXNativeTarget "HW2_TableViewTests" */ = {
			isa = XCConfigurationList;
			buildConfigurations = (
				2C2E8C4119E228B700AB05EF /* Debug */,
				2C2E8C4219E228B700AB05EF /* Release */,
			);
			defaultConfigurationIsVisible = 0;
			defaultConfigurationName = Release;
		};
/* End XCConfigurationList section */
	};
	rootObject = 2C2E8C1219E228B700AB05EF /* Project object */;
}
